
Microsoft Visual Studio Solution File, Format Version 12.00
# Visual Studio Version 17
VisualStudioVersion = 17.6.33815.320
MinimumVisualStudioVersion = 10.0.40219.1
Project("{FAE04EC0-301F-11D3-BF4B-00C04F79EFBC}") = "1-22", "1-22\1-22.csproj", "{EF5C0419-1CD7-445D-AE1D-F52AA4F5E0B6}"
EndProject
Project("{FAE04EC0-301F-11D3-BF4B-00C04F79EFBC}") = "1-4", "1-4\1-4.csproj", "{ECB5AD72-14A8-472C-8C96-FD350D0A01BE}"
EndProject
Project("{FAE04EC0-301F-11D3-BF4B-00C04F79EFBC}") = "2-4", "2-4\2-4.csproj", "{CC936B15-67BE-4447-841A-10288621A796}"
EndProject
Project("{FAE04EC0-301F-11D3-BF4B-00C04F79EFBC}") = "2-22", "2-22\2-22.csproj", "{C516C9CF-A8DC-484C-AA5F-CE0FF427CDBC}"
EndProject
Project("{FAE04EC0-301F-11D3-BF4B-00C04F79EFBC}") = "3-4", "3-4\3-4.csproj", "{A218D490-D5A4-4AD8-A564-B59579629A1E}"
EndProject
Project("{FAE04EC0-301F-11D3-BF4B-00C04F79EFBC}") = "3-22", "3-22\3-22.csproj", "{9B4DBA09-6B55-4B7B-AD4F-A5E7934100EA}"
EndProject
Project("{FAE04EC0-301F-11D3-BF4B-00C04F79EFBC}") = "4-4", "4-4\4-4.csproj", "{FAA8FC6E-9722-4C45-BEE4-5E29B695270C}"
EndProject
Project("{FAE04EC0-301F-11D3-BF4B-00C04F79EFBC}") = "4-22", "4-22\4-22.csproj", "{20027EBC-C3C8-4F0A-BD6C-D6BB3028590B}"
EndProject
Project("{FAE04EC0-301F-11D3-BF4B-00C04F79EFBC}") = "5-4", "5-4\5-4.csproj", "{34FD6342-F212-4253-94E2-F0444066DF51}"
EndProject
Project("{FAE04EC0-301F-11D3-BF4B-00C04F79EFBC}") = "5-22", "5-22\5-22.csproj", "{BE25C5E7-5C41-42A7-BA1C-B856BFFF285E}"
EndProject
Project("{FAE04EC0-301F-11D3-BF4B-00C04F79EFBC}") = "6-22", "6-22\6-22.csproj", "{69F4AE38-346D-4BA6-A27D-A94687FF0F42}"
EndProject
Project("{FAE04EC0-301F-11D3-BF4B-00C04F79EFBC}") = "6-4", "6-4\6-4.csproj", "{860A99DD-D68A-4291-AA41-1B62AC7461AD}"
EndProject
Project("{FAE04EC0-301F-11D3-BF4B-00C04F79EFBC}") = "7-4", "7-4\7-4.csproj", "{17A4325B-9B07-41AC-8639-6273FA0CC961}"
EndProject
Project("{FAE04EC0-301F-11D3-BF4B-00C04F79EFBC}") = "7-22", "7-22\7-22.csproj", "{D18EF2A2-FC8F-42B1-8A66-010713292615}"
EndProject
Project("{FAE04EC0-301F-11D3-BF4B-00C04F79EFBC}") = "8-4", "8-4\8-4.csproj", "{C1EE1B9A-90E8-4787-9EA0-0595A4204252}"
EndProject
Global
	GlobalSection(SolutionConfigurationPlatforms) = preSolution
		Debug|Any CPU = Debug|Any CPU
		Release|Any CPU = Release|Any CPU
	EndGlobalSection
	GlobalSection(ProjectConfigurationPlatforms) = postSolution
		{EF5C0419-1CD7-445D-AE1D-F52AA4F5E0B6}.Debug|Any CPU.ActiveCfg = Debug|Any CPU
		{EF5C0419-1CD7-445D-AE1D-F52AA4F5E0B6}.Debug|Any CPU.Build.0 = Debug|Any CPU
		{EF5C0419-1CD7-445D-AE1D-F52AA4F5E0B6}.Release|Any CPU.ActiveCfg = Release|Any CPU
		{EF5C0419-1CD7-445D-AE1D-F52AA4F5E0B6}.Release|Any CPU.Build.0 = Release|Any CPU
		{ECB5AD72-14A8-472C-8C96-FD350D0A01BE}.Debug|Any CPU.ActiveCfg = Debug|Any CPU
		{ECB5AD72-14A8-472C-8C96-FD350D0A01BE}.Debug|Any CPU.Build.0 = Debug|Any CPU
		{ECB5AD72-14A8-472C-8C96-FD350D0A01BE}.Release|Any CPU.ActiveCfg = Release|Any CPU
		{ECB5AD72-14A8-472C-8C96-FD350D0A01BE}.Release|Any CPU.Build.0 = Release|Any CPU
		{CC936B15-67BE-4447-841A-10288621A796}.Debug|Any CPU.ActiveCfg = Debug|Any CPU
		{CC936B15-67BE-4447-841A-10288621A796}.Debug|Any CPU.Build.0 = Debug|Any CPU
		{CC936B15-67BE-4447-841A-10288621A796}.Release|Any CPU.ActiveCfg = Release|Any CPU
		{CC936B15-67BE-4447-841A-10288621A796}.Release|Any CPU.Build.0 = Release|Any CPU
		{C516C9CF-A8DC-484C-AA5F-CE0FF427CDBC}.Debug|Any CPU.ActiveCfg = Debug|Any CPU
		{C516C9CF-A8DC-484C-AA5F-CE0FF427CDBC}.Debug|Any CPU.Build.0 = Debug|Any CPU
		{C516C9CF-A8DC-484C-AA5F-CE0FF427CDBC}.Release|Any CPU.ActiveCfg = Release|Any CPU
		{C516C9CF-A8DC-484C-AA5F-CE0FF427CDBC}.Release|Any CPU.Build.0 = Release|Any CPU
		{A218D490-D5A4-4AD8-A564-B59579629A1E}.Debug|Any CPU.ActiveCfg = Debug|Any CPU
		{A218D490-D5A4-4AD8-A564-B59579629A1E}.Debug|Any CPU.Build.0 = Debug|Any CPU
		{A218D490-D5A4-4AD8-A564-B59579629A1E}.Release|Any CPU.ActiveCfg = Release|Any CPU
		{A218D490-D5A4-4AD8-A564-B59579629A1E}.Release|Any CPU.Build.0 = Release|Any CPU
		{9B4DBA09-6B55-4B7B-AD4F-A5E7934100EA}.Debug|Any CPU.ActiveCfg = Debug|Any CPU
		{9B4DBA09-6B55-4B7B-AD4F-A5E7934100EA}.Debug|Any CPU.Build.0 = Debug|Any CPU
		{9B4DBA09-6B55-4B7B-AD4F-A5E7934100EA}.Release|Any CPU.ActiveCfg = Release|Any CPU
		{9B4DBA09-6B55-4B7B-AD4F-A5E7934100EA}.Release|Any CPU.Build.0 = Release|Any CPU
		{FAA8FC6E-9722-4C45-BEE4-5E29B695270C}.Debug|Any CPU.ActiveCfg = Debug|Any CPU
		{FAA8FC6E-9722-4C45-BEE4-5E29B695270C}.Debug|Any CPU.Build.0 = Debug|Any CPU
		{FAA8FC6E-9722-4C45-BEE4-5E29B695270C}.Release|Any CPU.ActiveCfg = Release|Any CPU
		{FAA8FC6E-9722-4C45-BEE4-5E29B695270C}.Release|Any CPU.Build.0 = Release|Any CPU
		{20027EBC-C3C8-4F0A-BD6C-D6BB3028590B}.Debug|Any CPU.ActiveCfg = Debug|Any CPU
		{20027EBC-C3C8-4F0A-BD6C-D6BB3028590B}.Debug|Any CPU.Build.0 = Debug|Any CPU
		{20027EBC-C3C8-4F0A-BD6C-D6BB3028590B}.Release|Any CPU.ActiveCfg = Release|Any CPU
		{20027EBC-C3C8-4F0A-BD6C-D6BB3028590B}.Release|Any CPU.Build.0 = Release|Any CPU
		{34FD6342-F212-4253-94E2-F0444066DF51}.Debug|Any CPU.ActiveCfg = Debug|Any CPU
		{34FD6342-F212-4253-94E2-F0444066DF51}.Debug|Any CPU.Build.0 = Debug|Any CPU
		{34FD6342-F212-4253-94E2-F0444066DF51}.Release|Any CPU.ActiveCfg = Release|Any CPU
		{34FD6342-F212-4253-94E2-F0444066DF51}.Release|Any CPU.Build.0 = Release|Any CPU
		{BE25C5E7-5C41-42A7-BA1C-B856BFFF285E}.Debug|Any CPU.ActiveCfg = Debug|Any CPU
		{BE25C5E7-5C41-42A7-BA1C-B856BFFF285E}.Debug|Any CPU.Build.0 = Debug|Any CPU
		{BE25C5E7-5C41-42A7-BA1C-B856BFFF285E}.Release|Any CPU.ActiveCfg = Release|Any CPU
		{BE25C5E7-5C41-42A7-BA1C-B856BFFF285E}.Release|Any CPU.Build.0 = Release|Any CPU
		{69F4AE38-346D-4BA6-A27D-A94687FF0F42}.Debug|Any CPU.ActiveCfg = Debug|Any CPU
		{69F4AE38-346D-4BA6-A27D-A94687FF0F42}.Debug|Any CPU.Build.0 = Debug|Any CPU
		{69F4AE38-346D-4BA6-A27D-A94687FF0F42}.Release|Any CPU.ActiveCfg = Release|Any CPU
		{69F4AE38-346D-4BA6-A27D-A94687FF0F42}.Release|Any CPU.Build.0 = Release|Any CPU
		{860A99DD-D68A-4291-AA41-1B62AC7461AD}.Debug|Any CPU.ActiveCfg = Debug|Any CPU
		{860A99DD-D68A-4291-AA41-1B62AC7461AD}.Debug|Any CPU.Build.0 = Debug|Any CPU
		{860A99DD-D68A-4291-AA41-1B62AC7461AD}.Release|Any CPU.ActiveCfg = Release|Any CPU
		{860A99DD-D68A-4291-AA41-1B62AC7461AD}.Release|Any CPU.Build.0 = Release|Any CPU
		{17A4325B-9B07-41AC-8639-6273FA0CC961}.Debug|Any CPU.ActiveCfg = Debug|Any CPU
		{17A4325B-9B07-41AC-8639-6273FA0CC961}.Debug|Any CPU.Build.0 = Debug|Any CPU
		{17A4325B-9B07-41AC-8639-6273FA0CC961}.Release|Any CPU.ActiveCfg = Release|Any CPU
		{17A4325B-9B07-41AC-8639-6273FA0CC961}.Release|Any CPU.Build.0 = Release|Any CPU
		{D18EF2A2-FC8F-42B1-8A66-010713292615}.Debug|Any CPU.ActiveCfg = Debug|Any CPU
		{D18EF2A2-FC8F-42B1-8A66-010713292615}.Debug|Any CPU.Build.0 = Debug|Any CPU
		{D18EF2A2-FC8F-42B1-8A66-010713292615}.Release|Any CPU.ActiveCfg = Release|Any CPU
		{D18EF2A2-FC8F-42B1-8A66-010713292615}.Release|Any CPU.Build.0 = Release|Any CPU
		{C1EE1B9A-90E8-4787-9EA0-0595A4204252}.Debug|Any CPU.ActiveCfg = Debug|Any CPU
		{C1EE1B9A-90E8-4787-9EA0-0595A4204252}.Debug|Any CPU.Build.0 = Debug|Any CPU
		{C1EE1B9A-90E8-4787-9EA0-0595A4204252}.Release|Any CPU.ActiveCfg = Release|Any CPU
		{C1EE1B9A-90E8-4787-9EA0-0595A4204252}.Release|Any CPU.Build.0 = Release|Any CPU
	EndGlobalSection
	GlobalSection(SolutionProperties) = preSolution
		HideSolutionNode = FALSE
	EndGlobalSection
	GlobalSection(ExtensibilityGlobals) = postSolution
		SolutionGuid = {795175D1-693E-4104-AECB-154FDFC314FA}
	EndGlobalSection
EndGlobal
