
Microsoft Visual Studio Solution File, Format Version 12.00
# Visual Studio Version 17
VisualStudioVersion = 17.6.33815.320
MinimumVisualStudioVersion = 10.0.40219.1
Project("{FAE04EC0-301F-11D3-BF4B-00C04F79EFBC}") = "1-22", "1-22\1-22.csproj", "{EF5C0419-1CD7-445D-AE1D-F52AA4F5E0B6}"
EndProject
Project("{FAE04EC0-301F-11D3-BF4B-00C04F79EFBC}") = "1-4", "1-4\1-4.csproj", "{ECB5AD72-14A8-472C-8C96-FD350D0A01BE}"
EndProject
Project("{FAE04EC0-301F-11D3-BF4B-00C04F79EFBC}") = "2-4", "2-4\2-4.csproj", "{CC936B15-67BE-4447-841A-10288621A796}"
EndProject
Project("{FAE04EC0-301F-11D3-BF4B-00C04F79EFBC}") = "2-22", "2-22\2-22.csproj", "{C516C9CF-A8DC-484C-AA5F-CE0FF427CDBC}"
EndProject
Global
	GlobalSection(SolutionConfigurationPlatforms) = preSolution
		Debug|Any CPU = Debug|Any CPU
		Release|Any CPU = Release|Any CPU
	EndGlobalSection
	GlobalSection(ProjectConfigurationPlatforms) = postSolution
		{EF5C0419-1CD7-445D-AE1D-F52AA4F5E0B6}.Debug|Any CPU.ActiveCfg = Debug|Any CPU
		{EF5C0419-1CD7-445D-AE1D-F52AA4F5E0B6}.Debug|Any CPU.Build.0 = Debug|Any CPU
		{EF5C0419-1CD7-445D-AE1D-F52AA4F5E0B6}.Release|Any CPU.ActiveCfg = Release|Any CPU
		{EF5C0419-1CD7-445D-AE1D-F52AA4F5E0B6}.Release|Any CPU.Build.0 = Release|Any CPU
		{ECB5AD72-14A8-472C-8C96-FD350D0A01BE}.Debug|Any CPU.ActiveCfg = Debug|Any CPU
		{ECB5AD72-14A8-472C-8C96-FD350D0A01BE}.Debug|Any CPU.Build.0 = Debug|Any CPU
		{ECB5AD72-14A8-472C-8C96-FD350D0A01BE}.Release|Any CPU.ActiveCfg = Release|Any CPU
		{ECB5AD72-14A8-472C-8C96-FD350D0A01BE}.Release|Any CPU.Build.0 = Release|Any CPU
		{CC936B15-67BE-4447-841A-10288621A796}.Debug|Any CPU.ActiveCfg = Debug|Any CPU
		{CC936B15-67BE-4447-841A-10288621A796}.Debug|Any CPU.Build.0 = Debug|Any CPU
		{CC936B15-67BE-4447-841A-10288621A796}.Release|Any CPU.ActiveCfg = Release|Any CPU
		{CC936B15-67BE-4447-841A-10288621A796}.Release|Any CPU.Build.0 = Release|Any CPU
		{C516C9CF-A8DC-484C-AA5F-CE0FF427CDBC}.Debug|Any CPU.ActiveCfg = Debug|Any CPU
		{C516C9CF-A8DC-484C-AA5F-CE0FF427CDBC}.Debug|Any CPU.Build.0 = Debug|Any CPU
		{C516C9CF-A8DC-484C-AA5F-CE0FF427CDBC}.Release|Any CPU.ActiveCfg = Release|Any CPU
		{C516C9CF-A8DC-484C-AA5F-CE0FF427CDBC}.Release|Any CPU.Build.0 = Release|Any CPU
	EndGlobalSection
	GlobalSection(SolutionProperties) = preSolution
		HideSolutionNode = FALSE
	EndGlobalSection
	GlobalSection(ExtensibilityGlobals) = postSolution
		SolutionGuid = {795175D1-693E-4104-AECB-154FDFC314FA}
	EndGlobalSection
EndGlobal
